
Microsoft Visual Studio Solution File, Format Version 12.00
# Visual Studio Version 16
VisualStudioVersion = 16.0.30406.217
MinimumVisualStudioVersion = 10.0.40219.1
Project("{9A19103F-16F7-4668-BE54-9A1E7A4F7556}") = "LogFormatter-Winforms", "winforms\LogFormatter-Winforms.csproj", "{1608B55C-6962-4902-A9FF-C056DFDBD448}"
EndProject
Project("{9A19103F-16F7-4668-BE54-9A1E7A4F7556}") = "LogFormatter-CLI", "cli\LogFormatter-CLI.csproj", "{46315436-02AB-4BA5-9A54-86BAC56EC513}"
EndProject
Project("{FAE04EC0-301F-11D3-BF4B-00C04F79EFBC}") = "LogFormatterLib", "LogFormatterLib\LogFormatterLib.csproj", "{8DE86C73-4F9F-40D1-995A-95637F6D5DAD}"
EndProject
Global
	GlobalSection(SolutionConfigurationPlatforms) = preSolution
		Debug|Any CPU = Debug|Any CPU
		Release|Any CPU = Release|Any CPU
	EndGlobalSection
	GlobalSection(ProjectConfigurationPlatforms) = postSolution
		{1608B55C-6962-4902-A9FF-C056DFDBD448}.Debug|Any CPU.ActiveCfg = Debug|Any CPU
		{1608B55C-6962-4902-A9FF-C056DFDBD448}.Debug|Any CPU.Build.0 = Debug|Any CPU
		{1608B55C-6962-4902-A9FF-C056DFDBD448}.Release|Any CPU.ActiveCfg = Release|Any CPU
		{1608B55C-6962-4902-A9FF-C056DFDBD448}.Release|Any CPU.Build.0 = Release|Any CPU
		{46315436-02AB-4BA5-9A54-86BAC56EC513}.Debug|Any CPU.ActiveCfg = Debug|Any CPU
		{46315436-02AB-4BA5-9A54-86BAC56EC513}.Debug|Any CPU.Build.0 = Debug|Any CPU
		{46315436-02AB-4BA5-9A54-86BAC56EC513}.Release|Any CPU.ActiveCfg = Release|Any CPU
		{46315436-02AB-4BA5-9A54-86BAC56EC513}.Release|Any CPU.Build.0 = Release|Any CPU
		{8DE86C73-4F9F-40D1-995A-95637F6D5DAD}.Debug|Any CPU.ActiveCfg = Debug|Any CPU
		{8DE86C73-4F9F-40D1-995A-95637F6D5DAD}.Debug|Any CPU.Build.0 = Debug|Any CPU
		{8DE86C73-4F9F-40D1-995A-95637F6D5DAD}.Release|Any CPU.ActiveCfg = Release|Any CPU
		{8DE86C73-4F9F-40D1-995A-95637F6D5DAD}.Release|Any CPU.Build.0 = Release|Any CPU
	EndGlobalSection
	GlobalSection(SolutionProperties) = preSolution
		HideSolutionNode = FALSE
	EndGlobalSection
	GlobalSection(ExtensibilityGlobals) = postSolution
		SolutionGuid = {BB413207-F67D-4C99-8207-531069171CA1}
	EndGlobalSection
EndGlobal
